
Microsoft Visual Studio Solution File, Format Version 12.00
# Visual Studio Version 17
VisualStudioVersion = 17.6.33801.468
MinimumVisualStudioVersion = 10.0.40219.1
Project("{FAE04EC0-301F-11D3-BF4B-00C04F79EFBC}") = "Case-10", "Case-10.csproj", "{0E199014-EF64-4626-8AE0-B6986E54709A}"
EndProject
Project("{FAE04EC0-301F-11D3-BF4B-00C04F79EFBC}") = "RegexValidatorTests", "..\RegexValidatorTests\RegexValidatorTests.csproj", "{207436F6-3702-4760-9E07-D6FEF0005F2A}"
EndProject
Global
	GlobalSection(SolutionConfigurationPlatforms) = preSolution
		Debug|Any CPU = Debug|Any CPU
		Release|Any CPU = Release|Any CPU
	EndGlobalSection
	GlobalSection(ProjectConfigurationPlatforms) = postSolution
		{0E199014-EF64-4626-8AE0-B6986E54709A}.Debug|Any CPU.ActiveCfg = Debug|Any CPU
		{0E199014-EF64-4626-8AE0-B6986E54709A}.Debug|Any CPU.Build.0 = Debug|Any CPU
		{0E199014-EF64-4626-8AE0-B6986E54709A}.Release|Any CPU.ActiveCfg = Release|Any CPU
		{0E199014-EF64-4626-8AE0-B6986E54709A}.Release|Any CPU.Build.0 = Release|Any CPU
		{207436F6-3702-4760-9E07-D6FEF0005F2A}.Debug|Any CPU.ActiveCfg = Debug|Any CPU
		{207436F6-3702-4760-9E07-D6FEF0005F2A}.Debug|Any CPU.Build.0 = Debug|Any CPU
		{207436F6-3702-4760-9E07-D6FEF0005F2A}.Release|Any CPU.ActiveCfg = Release|Any CPU
		{207436F6-3702-4760-9E07-D6FEF0005F2A}.Release|Any CPU.Build.0 = Release|Any CPU
	EndGlobalSection
	GlobalSection(SolutionProperties) = preSolution
		HideSolutionNode = FALSE
	EndGlobalSection
	GlobalSection(ExtensibilityGlobals) = postSolution
		SolutionGuid = {5879DCC6-A8BA-43F7-AEFA-27FCE3228319}
	EndGlobalSection
EndGlobal
